// !$*UTF8*$!
{
	archiveVersion = 1;
	classes = {
	};
	objectVersion = 39;
	objects = {
		014CEA4C0018CE3E11CA2923 = {
			buildSettings = {
				COPY_PHASE_STRIP = NO;
				GCC_OPTIMIZATION_LEVEL = 0;
			};
			isa = PBXBuildStyle;
			name = Development;
		};
		014CEA4D0018CE3E11CA2923 = {
			buildSettings = {
				COPY_PHASE_STRIP = YES;
				GCC_OPTIMIZATION_LEVEL = s;
			};
			isa = PBXBuildStyle;
			name = Deployment;
		};
//010
//011
//012
//013
//014
//080
//081
//082
//083
//084
		08FB7793FE84155DC02AAC07 = {
			buildSettings = {
			};
			buildStyles = (
				014CEA4C0018CE3E11CA2923,
				014CEA4D0018CE3E11CA2923,
			);
			hasScannedForEncodings = 1;
			isa = PBXProject;
			mainGroup = 08FB7794FE84155DC02AAC07;
			projectDirPath = "";
			targets = (
				E4D874EC081F82B200543BD9,
				8DD76F840486A9BA00D96B5E,
				E402B518081D57160047670B,
			);
		};
		08FB7794FE84155DC02AAC07 = {
			children = (
				08FB7796FE84155DC02AAC07,
				E402B532081D58380047670B,
				E402B50C081D56DD0047670B,
				E4D87365081E581B00543BD9,
				E4D87492081EF35500543BD9,
				08FB779DFE84155DC02AAC07,
				1A8B4A8EFE9D542A11CA2CBB,
			);
			isa = PBXGroup;
			name = SimpleDaemonCF;
			refType = 4;
			sourceTree = "<group>";
		};
		08FB7796FE84155DC02AAC07 = {
			fileEncoding = 4;
			isa = PBXFileReference;
			lastKnownFileType = sourcecode.c.c;
			path = Server.c;
			refType = 4;
			sourceTree = "<group>";
		};
		08FB779DFE84155DC02AAC07 = {
			children = (
				097DBE83FE8419DDC02AAC07,
			);
			isa = PBXGroup;
			name = "External Frameworks and Libraries";
			refType = 4;
			sourceTree = "<group>";
		};
//080
//081
//082
//083
//084
//090
//091
//092
//093
//094
		097DBE83FE8419DDC02AAC07 = {
			isa = PBXFileReference;
			lastKnownFileType = wrapper.framework;
			name = CoreServices.framework;
			path = /System/Library/Frameworks/CoreServices.framework;
			refType = 0;
			sourceTree = "<absolute>";
		};
//090
//091
//092
//093
//094
//1A0
//1A1
//1A2
//1A3
//1A4
		1A8B4A8EFE9D542A11CA2CBB = {
			children = (
				8DD76F8E0486A9BA00D96B5E,
				E402B51F081D57160047670B,
			);
			isa = PBXGroup;
			name = Products;
			refType = 4;
			sourceTree = "<group>";
		};
//1A0
//1A1
//1A2
//1A3
//1A4
//8D0
//8D1
//8D2
//8D3
//8D4
		8DD76F840486A9BA00D96B5E = {
			buildPhases = (
				8DD76F860486A9BA00D96B5E,
				8DD76F880486A9BA00D96B5E,
				8DD76F8B0486A9BA00D96B5E,
			);
			buildRules = (
				E4D32FD5083A11AC00B305A2,
			);
			buildSettings = {
				GCC_DYNAMIC_NO_PIC = YES;
				GCC_GENERATE_DEBUGGING_SYMBOLS = YES;
				GCC_TREAT_WARNINGS_AS_ERRORS = YES;
				GCC_WARN_UNUSED_FUNCTION = YES;
				GCC_WARN_UNUSED_LABEL = YES;
				GCC_WARN_UNUSED_PARAMETER = YES;
				GCC_WARN_UNUSED_VALUE = YES;
				GCC_WARN_UNUSED_VARIABLE = YES;
				INSTALL_PATH = "$(HOME)/bin";
				MACOSX_DEPLOYMENT_TARGET = 10.3;
				PREBINDING = NO;
				PRODUCT_NAME = CFLocalServer;
				WARNING_CFLAGS = "-Wall";
			};
			dependencies = (
			);
			isa = PBXNativeTarget;
			name = Server;
			productInstallPath = "$(HOME)/bin";
			productName = SimpleDaemonCF;
			productReference = 8DD76F8E0486A9BA00D96B5E;
			productType = "com.apple.product-type.tool";
		};
		8DD76F860486A9BA00D96B5E = {
			buildActionMask = 2147483647;
			files = (
				8DD76F870486A9BA00D96B5E,
				E4D87367081E581B00543BD9,
			);
			isa = PBXSourcesBuildPhase;
			runOnlyForDeploymentPostprocessing = 0;
		};
		8DD76F870486A9BA00D96B5E = {
			fileRef = 08FB7796FE84155DC02AAC07;
			isa = PBXBuildFile;
			settings = {
				ATTRIBUTES = (
				);
			};
		};
		8DD76F880486A9BA00D96B5E = {
			buildActionMask = 2147483647;
			files = (
				8DD76F890486A9BA00D96B5E,
			);
			isa = PBXFrameworksBuildPhase;
			runOnlyForDeploymentPostprocessing = 0;
		};
		8DD76F890486A9BA00D96B5E = {
			fileRef = 097DBE83FE8419DDC02AAC07;
			isa = PBXBuildFile;
			settings = {
			};
		};
		8DD76F8B0486A9BA00D96B5E = {
			buildActionMask = 8;
			dstPath = /usr/share/man/man1/;
			dstSubfolderSpec = 0;
			files = (
				E402B50D081D56DD0047670B,
				E4D87494081EF35500543BD9,
			);
			isa = PBXCopyFilesBuildPhase;
			runOnlyForDeploymentPostprocessing = 1;
		};
		8DD76F8E0486A9BA00D96B5E = {
			explicitFileType = "compiled.mach-o.executable";
			includeInIndex = 0;
			isa = PBXFileReference;
			path = CFLocalServer;
			refType = 3;
			sourceTree = BUILT_PRODUCTS_DIR;
		};
//8D0
//8D1
//8D2
//8D3
//8D4
//E40
//E41
//E42
//E43
//E44
		E402B50C081D56DD0047670B = {
			fileEncoding = 4;
			isa = PBXFileReference;
			lastKnownFileType = sourcecode.c.h;
			path = Common.h;
			refType = 4;
			sourceTree = "<group>";
		};
		E402B50D081D56DD0047670B = {
			fileRef = E402B50C081D56DD0047670B;
			isa = PBXBuildFile;
			settings = {
			};
		};
		E402B518081D57160047670B = {
			buildPhases = (
				E402B519081D57160047670B,
				E402B51B081D57160047670B,
				E402B51D081D57160047670B,
			);
			buildRules = (
				E4D32FE5083A166600B305A2,
			);
			buildSettings = {
				GCC_DYNAMIC_NO_PIC = YES;
				GCC_GENERATE_DEBUGGING_SYMBOLS = YES;
				GCC_TREAT_WARNINGS_AS_ERRORS = YES;
				GCC_WARN_UNUSED_FUNCTION = YES;
				GCC_WARN_UNUSED_LABEL = YES;
				GCC_WARN_UNUSED_PARAMETER = YES;
				GCC_WARN_UNUSED_VALUE = YES;
				GCC_WARN_UNUSED_VARIABLE = YES;
				INSTALL_PATH = "$(HOME)/bin";
				MACOSX_DEPLOYMENT_TARGET = 10.3;
				PREBINDING = NO;
				PRODUCT_NAME = CFLocalClient;
				WARNING_CFLAGS = "-Wall";
			};
			dependencies = (
			);
			isa = PBXNativeTarget;
			name = Client;
			productInstallPath = "$(HOME)/bin";
			productName = SimpleDaemonCF;
			productReference = E402B51F081D57160047670B;
			productType = "com.apple.product-type.tool";
		};
		E402B519081D57160047670B = {
			buildActionMask = 2147483647;
			files = (
				E402B533081D58380047670B,
				E4D87366081E581B00543BD9,
			);
			isa = PBXSourcesBuildPhase;
			runOnlyForDeploymentPostprocessing = 0;
		};
		E402B51B081D57160047670B = {
			buildActionMask = 2147483647;
			files = (
				E402B51C081D57160047670B,
			);
			isa = PBXFrameworksBuildPhase;
			runOnlyForDeploymentPostprocessing = 0;
		};
		E402B51C081D57160047670B = {
			fileRef = 097DBE83FE8419DDC02AAC07;
			isa = PBXBuildFile;
			settings = {
			};
		};
		E402B51D081D57160047670B = {
			buildActionMask = 8;
			dstPath = /usr/share/man/man1/;
			dstSubfolderSpec = 0;
			files = (
				E402B51E081D57160047670B,
				E4D87493081EF35500543BD9,
			);
			isa = PBXCopyFilesBuildPhase;
			runOnlyForDeploymentPostprocessing = 1;
		};
		E402B51E081D57160047670B = {
			fileRef = E402B50C081D56DD0047670B;
			isa = PBXBuildFile;
			settings = {
			};
		};
		E402B51F081D57160047670B = {
			explicitFileType = "compiled.mach-o.executable";
			includeInIndex = 0;
			isa = PBXFileReference;
			path = CFLocalClient;
			refType = 3;
			sourceTree = BUILT_PRODUCTS_DIR;
		};
		E402B532081D58380047670B = {
			fileEncoding = 4;
			isa = PBXFileReference;
			lastKnownFileType = sourcecode.c.c;
			path = Client.c;
			refType = 4;
			sourceTree = "<group>";
		};
		E402B533081D58380047670B = {
			fileRef = E402B532081D58380047670B;
			isa = PBXBuildFile;
			settings = {
			};
		};
		E4D32FD5083A11AC00B305A2 = {
			compilerSpec = com.apple.compilers.gcc.3_3;
			fileType = sourcecode.c;
			isEditable = 1;
			isa = PBXBuildRule;
			outputFiles = (
			);
		};
		E4D32FE5083A166600B305A2 = {
			compilerSpec = com.apple.compilers.gcc.3_3;
			fileType = sourcecode.c;
			isEditable = 1;
			isa = PBXBuildRule;
			outputFiles = (
			);
		};
		E4D87365081E581B00543BD9 = {
			fileEncoding = 4;
			isa = PBXFileReference;
			lastKnownFileType = sourcecode.c.c;
			path = Common.c;
			refType = 4;
			sourceTree = "<group>";
		};
		E4D87366081E581B00543BD9 = {
			fileRef = E4D87365081E581B00543BD9;
			isa = PBXBuildFile;
			settings = {
			};
		};
		E4D87367081E581B00543BD9 = {
			fileRef = E4D87365081E581B00543BD9;
			isa = PBXBuildFile;
			settings = {
			};
		};
		E4D87492081EF35500543BD9 = {
			fileEncoding = 4;
			isa = PBXFileReference;
			lastKnownFileType = sourcecode.c.h;
			path = Protocol.h;
			refType = 4;
			sourceTree = "<group>";
		};
		E4D87493081EF35500543BD9 = {
			fileRef = E4D87492081EF35500543BD9;
			isa = PBXBuildFile;
			settings = {
			};
		};
		E4D87494081EF35500543BD9 = {
			fileRef = E4D87492081EF35500543BD9;
			isa = PBXBuildFile;
			settings = {
			};
		};
		E4D874EC081F82B200543BD9 = {
			buildPhases = (
			);
			buildSettings = {
				OTHER_CFLAGS = "";
				OTHER_LDFLAGS = "";
				OTHER_REZFLAGS = "";
				PRODUCT_NAME = All;
				SECTORDER_FLAGS = "";
				WARNING_CFLAGS = "-Wmost -Wno-four-char-constants -Wno-unknown-pragmas";
			};
			dependencies = (
				E4D874EE081F82C600543BD9,
				E4D874F0081F82C600543BD9,
			);
			isa = PBXAggregateTarget;
			name = All;
			productName = All;
		};
		E4D874ED081F82C600543BD9 = {
			containerPortal = 08FB7793FE84155DC02AAC07;
			isa = PBXContainerItemProxy;
			proxyType = 1;
			remoteGlobalIDString = 8DD76F840486A9BA00D96B5E;
			remoteInfo = SimpleDaemonCF;
		};
		E4D874EE081F82C600543BD9 = {
			isa = PBXTargetDependency;
			target = 8DD76F840486A9BA00D96B5E;
			targetProxy = E4D874ED081F82C600543BD9;
		};
		E4D874EF081F82C600543BD9 = {
			containerPortal = 08FB7793FE84155DC02AAC07;
			isa = PBXContainerItemProxy;
			proxyType = 1;
			remoteGlobalIDString = E402B518081D57160047670B;
			remoteInfo = SimpleClientCF;
		};
		E4D874F0081F82C600543BD9 = {
			isa = PBXTargetDependency;
			target = E402B518081D57160047670B;
			targetProxy = E4D874EF081F82C600543BD9;
		};
	};
	rootObject = 08FB7793FE84155DC02AAC07;
}
