// !$*UTF8*$!
{
	archiveVersion = 1;
	classes = {
	};
	objectVersion = 42;
	objects = {

/* Begin PBXBuildFile section */
		53251AF90C455A960025416A /* MainMenu.nib in Resources */ = {isa = PBXBuildFile; fileRef = 02EC7821FF55E9F57F000001 /* MainMenu.nib */; };
		53251AFA0C455A960025416A /* SimpleCocoaApp Help Folder in Resources */ = {isa = PBXBuildFile; fileRef = 3159CF1A01FCC89F0BCB1529 /* SimpleCocoaApp Help Folder */; };
		53251AFC0C455A960025416A /* Hello1.m in Sources */ = {isa = PBXBuildFile; fileRef = 02EC781BFF55E9F57F000001 /* Hello1.m */; settings = {ATTRIBUTES = (); }; };
		53251AFD0C455A960025416A /* Hello2.m in Sources */ = {isa = PBXBuildFile; fileRef = 02EC781DFF55E9F57F000001 /* Hello2.m */; settings = {ATTRIBUTES = (); }; };
		53251AFE0C455A960025416A /* HelloController.m in Sources */ = {isa = PBXBuildFile; fileRef = 02EC781FFF55E9F57F000001 /* HelloController.m */; settings = {ATTRIBUTES = (); }; };
		53251AFF0C455A960025416A /* main.m in Sources */ = {isa = PBXBuildFile; fileRef = 02EC7820FF55E9F57F000001 /* main.m */; settings = {ATTRIBUTES = (); }; };
		53251B010C455A960025416A /* Cocoa.framework in Frameworks */ = {isa = PBXBuildFile; fileRef = 1058C7A1FEA54F0111CA2CBB /* Cocoa.framework */; };
		53251B270C455B7B0025416A /* Credits.rtf in Resources */ = {isa = PBXBuildFile; fileRef = 53251B250C455B7B0025416A /* Credits.rtf */; };
		53251B890C455D400025416A /* InfoPlist.strings in Resources */ = {isa = PBXBuildFile; fileRef = 53251B870C455D400025416A /* InfoPlist.strings */; };
/* End PBXBuildFile section */

/* Begin PBXFileReference section */
		02EC781AFF55E9F57F000001 /* Hello1.h */ = {isa = PBXFileReference; lastKnownFileType = sourcecode.c.h; path = Hello1.h; sourceTree = "<group>"; };
		02EC781BFF55E9F57F000001 /* Hello1.m */ = {isa = PBXFileReference; lastKnownFileType = sourcecode.c.objc; path = Hello1.m; sourceTree = "<group>"; };
		02EC781CFF55E9F57F000001 /* Hello2.h */ = {isa = PBXFileReference; lastKnownFileType = sourcecode.c.h; path = Hello2.h; sourceTree = "<group>"; };
		02EC781DFF55E9F57F000001 /* Hello2.m */ = {isa = PBXFileReference; lastKnownFileType = sourcecode.c.objc; path = Hello2.m; sourceTree = "<group>"; };
		02EC781EFF55E9F57F000001 /* HelloController.h */ = {isa = PBXFileReference; lastKnownFileType = sourcecode.c.h; path = HelloController.h; sourceTree = "<group>"; };
		02EC781FFF55E9F57F000001 /* HelloController.m */ = {isa = PBXFileReference; lastKnownFileType = sourcecode.c.objc; path = HelloController.m; sourceTree = "<group>"; };
		02EC7820FF55E9F57F000001 /* main.m */ = {isa = PBXFileReference; lastKnownFileType = sourcecode.c.objc; path = main.m; sourceTree = "<group>"; };
		02EC7822FF55E9F57F000001 /* English */ = {isa = PBXFileReference; lastKnownFileType = wrapper.nib; name = English; path = English.lproj/MainMenu.nib; sourceTree = "<group>"; };
		1058C7A1FEA54F0111CA2CBB /* Cocoa.framework */ = {isa = PBXFileReference; lastKnownFileType = wrapper.framework; name = Cocoa.framework; path = /System/Library/Frameworks/Cocoa.framework; sourceTree = "<absolute>"; };
		29B97324FDCFA39411CA2CEA /* AppKit.framework */ = {isa = PBXFileReference; lastKnownFileType = wrapper.framework; name = AppKit.framework; path = /System/Library/Frameworks/AppKit.framework; sourceTree = "<absolute>"; };
		29B97325FDCFA39411CA2CEA /* Foundation.framework */ = {isa = PBXFileReference; lastKnownFileType = wrapper.framework; name = Foundation.framework; path = /System/Library/Frameworks/Foundation.framework; sourceTree = "<absolute>"; };
		3159CF1A01FCC89F0BCB1529 /* SimpleCocoaApp Help Folder */ = {isa = PBXFileReference; lastKnownFileType = folder; path = "SimpleCocoaApp Help Folder"; sourceTree = SOURCE_ROOT; };
		53251B080C455A960025416A /* SimpleCocoaApp.app */ = {isa = PBXFileReference; explicitFileType = wrapper.application; includeInIndex = 0; path = SimpleCocoaApp.app; sourceTree = BUILT_PRODUCTS_DIR; };
		53251B170C455B130025416A /* Info.plist */ = {isa = PBXFileReference; fileEncoding = 30; lastKnownFileType = text.plist.xml; path = Info.plist; sourceTree = "<group>"; };
		53251B260C455B7B0025416A /* English */ = {isa = PBXFileReference; lastKnownFileType = text.rtf; name = English; path = English.lproj/Credits.rtf; sourceTree = "<group>"; };
		53251B880C455D400025416A /* English */ = {isa = PBXFileReference; fileEncoding = 4; lastKnownFileType = text.plist.strings; name = English; path = English.lproj/InfoPlist.strings; sourceTree = "<group>"; };
/* End PBXFileReference section */

/* Begin PBXFrameworksBuildPhase section */
		53251B000C455A960025416A /* Frameworks */ = {
			isa = PBXFrameworksBuildPhase;
			buildActionMask = 2147483647;
			files = (
				53251B010C455A960025416A /* Cocoa.framework in Frameworks */,
			);
			runOnlyForDeploymentPostprocessing = 0;
		};
/* End PBXFrameworksBuildPhase section */

/* Begin PBXGroup section */
		080E96DDFE201D6D7F000001 /* Sources */ = {
			isa = PBXGroup;
			children = (
				02EC7820FF55E9F57F000001 /* main.m */,
				02EC781AFF55E9F57F000001 /* Hello1.h */,
				02EC781BFF55E9F57F000001 /* Hello1.m */,
				02EC781CFF55E9F57F000001 /* Hello2.h */,
				02EC781DFF55E9F57F000001 /* Hello2.m */,
				02EC781EFF55E9F57F000001 /* HelloController.h */,
				02EC781FFF55E9F57F000001 /* HelloController.m */,
			);
			name = Sources;
			sourceTree = "<group>";
		};
		1058C7A0FEA54F0111CA2CBB /* Linked Frameworks */ = {
			isa = PBXGroup;
			children = (
				1058C7A1FEA54F0111CA2CBB /* Cocoa.framework */,
			);
			name = "Linked Frameworks";
			sourceTree = "<group>";
		};
		1058C7A2FEA54F0111CA2CBB /* Other Frameworks */ = {
			isa = PBXGroup;
			children = (
				29B97325FDCFA39411CA2CEA /* Foundation.framework */,
				29B97324FDCFA39411CA2CEA /* AppKit.framework */,
			);
			name = "Other Frameworks";
			sourceTree = "<group>";
		};
		19C28FACFE9D520D11CA2CBB /* Products */ = {
			isa = PBXGroup;
			children = (
				53251B080C455A960025416A /* SimpleCocoaApp.app */,
			);
			name = Products;
			sourceTree = "<group>";
		};
		29B97314FDCFA39411CA2CEA /* HelloCocoa */ = {
			isa = PBXGroup;
			children = (
				53251B170C455B130025416A /* Info.plist */,
				080E96DDFE201D6D7F000001 /* Sources */,
				29B97317FDCFA39411CA2CEA /* Resources */,
				29B97323FDCFA39411CA2CEA /* Frameworks */,
				19C28FACFE9D520D11CA2CBB /* Products */,
			);
			name = HelloCocoa;
			sourceTree = "<group>";
		};
		29B97317FDCFA39411CA2CEA /* Resources */ = {
			isa = PBXGroup;
			children = (
				53251B250C455B7B0025416A /* Credits.rtf */,
				3159CF1A01FCC89F0BCB1529 /* SimpleCocoaApp Help Folder */,
				02EC7821FF55E9F57F000001 /* MainMenu.nib */,
				53251B870C455D400025416A /* InfoPlist.strings */,
			);
			name = Resources;
			sourceTree = "<group>";
		};
		29B97323FDCFA39411CA2CEA /* Frameworks */ = {
			isa = PBXGroup;
			children = (
				1058C7A0FEA54F0111CA2CBB /* Linked Frameworks */,
				1058C7A2FEA54F0111CA2CBB /* Other Frameworks */,
			);
			name = Frameworks;
			sourceTree = "<group>";
		};
/* End PBXGroup section */

/* Begin PBXNativeTarget section */
		53251AF30C455A960025416A /* SimpleCocoaApp */ = {
			isa = PBXNativeTarget;
			buildConfigurationList = 53251B030C455A960025416A /* Build configuration list for PBXNativeTarget "SimpleCocoaApp" */;
			buildPhases = (
				53251AF80C455A960025416A /* Resources */,
				53251AFB0C455A960025416A /* Sources */,
				53251B000C455A960025416A /* Frameworks */,
			);
			buildRules = (
			);
			dependencies = (
			);
			name = SimpleCocoaApp;
			productInstallPath = "$(HOME)/Applications";
			productName = SimpleCocoaApp;
			productReference = 53251B080C455A960025416A /* SimpleCocoaApp.app */;
			productType = "com.apple.product-type.application";
		};
/* End PBXNativeTarget section */

/* Begin PBXProject section */
		29B97313FDCFA39411CA2CEA /* Project object */ = {
			isa = PBXProject;
			buildConfigurationList = 53251B0B0C455A970025416A /* Build configuration list for PBXProject "SimpleCocoaApp" */;
			compatibilityVersion = "Xcode 2.4";
			developmentRegion = English;
			hasScannedForEncodings = 0;
			knownRegions = (
				English,
				Japanese,
				French,
				German,
			);
			mainGroup = 29B97314FDCFA39411CA2CEA /* HelloCocoa */;
			projectDirPath = "";
			projectRoot = "";
			targets = (
				53251AF30C455A960025416A /* SimpleCocoaApp */,
			);
		};
/* End PBXProject section */

/* Begin PBXResourcesBuildPhase section */
		53251AF80C455A960025416A /* Resources */ = {
			isa = PBXResourcesBuildPhase;
			buildActionMask = 2147483647;
			files = (
				53251AF90C455A960025416A /* MainMenu.nib in Resources */,
				53251AFA0C455A960025416A /* SimpleCocoaApp Help Folder in Resources */,
				53251B270C455B7B0025416A /* Credits.rtf in Resources */,
				53251B890C455D400025416A /* InfoPlist.strings in Resources */,
			);
			runOnlyForDeploymentPostprocessing = 0;
		};
/* End PBXResourcesBuildPhase section */

/* Begin PBXSourcesBuildPhase section */
		53251AFB0C455A960025416A /* Sources */ = {
			isa = PBXSourcesBuildPhase;
			buildActionMask = 2147483647;
			files = (
				53251AFC0C455A960025416A /* Hello1.m in Sources */,
				53251AFD0C455A960025416A /* Hello2.m in Sources */,
				53251AFE0C455A960025416A /* HelloController.m in Sources */,
				53251AFF0C455A960025416A /* main.m in Sources */,
			);
			runOnlyForDeploymentPostprocessing = 0;
		};
/* End PBXSourcesBuildPhase section */

/* Begin PBXVariantGroup section */
		02EC7821FF55E9F57F000001 /* MainMenu.nib */ = {
			isa = PBXVariantGroup;
			children = (
				02EC7822FF55E9F57F000001 /* English */,
			);
			name = MainMenu.nib;
			sourceTree = "<group>";
		};
		53251B250C455B7B0025416A /* Credits.rtf */ = {
			isa = PBXVariantGroup;
			children = (
				53251B260C455B7B0025416A /* English */,
			);
			name = Credits.rtf;
			sourceTree = "<group>";
		};
		53251B870C455D400025416A /* InfoPlist.strings */ = {
			isa = PBXVariantGroup;
			children = (
				53251B880C455D400025416A /* English */,
			);
			name = InfoPlist.strings;
			sourceTree = "<group>";
		};
/* End PBXVariantGroup section */

/* Begin XCBuildConfiguration section */
		53251B040C455A960025416A /* Debug */ = {
			isa = XCBuildConfiguration;
			buildSettings = {
				ARCHS = "$(ARCHS_STANDARD_32_64_BIT_PRE_XCODE_3_1)";
				ARCHS_STANDARD_32_64_BIT_PRE_XCODE_3_1 = "x86_64 i386 ppc";
				COPY_PHASE_STRIP = NO;
				FRAMEWORK_SEARCH_PATHS = "";
				GCC_DYNAMIC_NO_PIC = NO;
				GCC_ENABLE_FIX_AND_CONTINUE = YES;
				GCC_GENERATE_DEBUGGING_SYMBOLS = YES;
				GCC_OPTIMIZATION_LEVEL = 0;
				GCC_SYMBOLS_PRIVATE_EXTERN = NO;
				GCC_WARN_ABOUT_MISSING_PROTOTYPES = YES;
				GCC_WARN_CHECK_SWITCH_STATEMENTS = YES;
				GCC_WARN_INITIALIZER_NOT_FULLY_BRACKETED = YES;
				GCC_WARN_MISSING_PARENTHESES = YES;
				GCC_WARN_TYPECHECK_CALLS_TO_PRINTF = YES;
				GCC_WARN_UNKNOWN_PRAGMAS = YES;
				GCC_WARN_UNUSED_FUNCTION = YES;
				GCC_WARN_UNUSED_LABEL = YES;
				GCC_WARN_UNUSED_PARAMETER = YES;
				GCC_WARN_UNUSED_VALUE = YES;
				GCC_WARN_UNUSED_VARIABLE = YES;
				HEADER_SEARCH_PATHS = "";
				INFOPLIST_FILE = Info.plist;
				INSTALL_PATH = "$(HOME)/Applications";
				LIBRARY_SEARCH_PATHS = "";
				MACOSX_DEPLOYMENT_TARGET = 10.5;
				OTHER_CFLAGS = (
					"$(value)",
					"-Wimplicit-function-declaration",
					"-DDEBUG=1",
				);
				OTHER_LDFLAGS = "";
				PRODUCT_NAME = SimpleCocoaApp;
				SDKROOT = macosx;
				SECTORDER_FLAGS = "";
				WARNING_CFLAGS = (
					"-Wmost",
					"-Wno-four-char-constants",
					"-Wno-unknown-pragmas",
				);
				WRAPPER_EXTENSION = app;
				ZERO_LINK = YES;
				dfsdfs = "";
			};
			name = Debug;
		};
		53251B050C455A960025416A /* Release */ = {
			isa = XCBuildConfiguration;
			buildSettings = {
				ARCHS = "$(ARCHS_STANDARD_32_64_BIT_PRE_XCODE_3_1)";
				ARCHS_STANDARD_32_64_BIT_PRE_XCODE_3_1 = "x86_64 i386 ppc";
				COPY_PHASE_STRIP = YES;
				FRAMEWORK_SEARCH_PATHS = "";
				GCC_ENABLE_FIX_AND_CONTINUE = NO;
				GCC_GENERATE_DEBUGGING_SYMBOLS = NO;
				GCC_SYMBOLS_PRIVATE_EXTERN = NO;
				HEADER_SEARCH_PATHS = "";
				INFOPLIST_FILE = Info.plist;
				INSTALL_PATH = "$(HOME)/Applications";
				LIBRARY_SEARCH_PATHS = "";
				MACOSX_DEPLOYMENT_TARGET = 10.5;
				OTHER_CFLAGS = "";
				OTHER_LDFLAGS = "";
				PRODUCT_NAME = SimpleCocoaApp;
				SDKROOT = macosx;
				SECTORDER_FLAGS = "";
				WARNING_CFLAGS = (
					"-Wmost",
					"-Wno-four-char-constants",
					"-Wno-unknown-pragmas",
				);
				WRAPPER_EXTENSION = app;
				ZERO_LINK = NO;
			};
			name = Release;
		};
		53251B060C455A960025416A /* Default */ = {
			isa = XCBuildConfiguration;
			buildSettings = {
				ARCHS = (
					ppc,
					i386,
				);
				FRAMEWORK_SEARCH_PATHS = "";
				GCC_OPTIMIZATION_LEVEL = 0;
				GCC_SYMBOLS_PRIVATE_EXTERN = NO;
				HEADER_SEARCH_PATHS = "";
				INFOPLIST_FILE = Info.plist;
				INSTALL_PATH = "$(HOME)/Applications";
				LIBRARY_SEARCH_PATHS = "";
				MACOSX_DEPLOYMENT_TARGET = 10.4;
				OTHER_CFLAGS = "";
				OTHER_LDFLAGS = "";
				PRODUCT_NAME = SimpleCocoaApp;
				SDKROOT = macosx;
				SECTORDER_FLAGS = "";
				WARNING_CFLAGS = (
					"-Wmost",
					"-Wno-four-char-constants",
					"-Wno-unknown-pragmas",
				);
				WRAPPER_EXTENSION = app;
			};
			name = Default;
		};
		53251B0C0C455A970025416A /* Debug */ = {
			isa = XCBuildConfiguration;
			buildSettings = {
				GCC_OPTIMIZATION_LEVEL = 0;
				MACOSX_DEPLOYMENT_TARGET = 10.5;
				SDKROOT = macosx;
			};
			name = Debug;
		};
		53251B0D0C455A970025416A /* Release */ = {
			isa = XCBuildConfiguration;
			buildSettings = {
				ARCHS = "$(ARCHS_STANDARD_32_64_BIT_PRE_XCODE_3_1)";
				ARCHS_STANDARD_32_64_BIT_PRE_XCODE_3_1 = "x86_64 i386 ppc";
				MACOSX_DEPLOYMENT_TARGET = 10.4;
				SDKROOT = macosx;
			};
			name = Release;
		};
		53251B0E0C455A970025416A /* Default */ = {
			isa = XCBuildConfiguration;
			buildSettings = {
				MACOSX_DEPLOYMENT_TARGET = 10.4;
				SDKROOT = macosx;
			};
			name = Default;
		};
/* End XCBuildConfiguration section */

/* Begin XCConfigurationList section */
		53251B030C455A960025416A /* Build configuration list for PBXNativeTarget "SimpleCocoaApp" */ = {
			isa = XCConfigurationList;
			buildConfigurations = (
				53251B040C455A960025416A /* Debug */,
				53251B050C455A960025416A /* Release */,
				53251B060C455A960025416A /* Default */,
			);
			defaultConfigurationIsVisible = 0;
			defaultConfigurationName = Default;
		};
		53251B0B0C455A970025416A /* Build configuration list for PBXProject "SimpleCocoaApp" */ = {
			isa = XCConfigurationList;
			buildConfigurations = (
				53251B0C0C455A970025416A /* Debug */,
				53251B0D0C455A970025416A /* Release */,
				53251B0E0C455A970025416A /* Default */,
			);
			defaultConfigurationIsVisible = 0;
			defaultConfigurationName = Default;
		};
/* End XCConfigurationList section */
	};
	rootObject = 29B97313FDCFA39411CA2CEA /* Project object */;
}
